<?xml version="1.0" encoding="UTF-8"?>
<Project ToolsVersion="14.0" xmlns="http://schemas.microsoft.com/developer/msbuild/2003">
  <ItemGroup>
    <CustomBuild Include="C:\dev\mm\monorepo\_build\CMakeFiles\7369f5a05e9c51cf25841866c55efa7a\RUN_TESTS_force.rule">
      <Filter>CMake Rules</Filter>
    </CustomBuild>
  </ItemGroup>
  <ItemGroup>
    <Filter Include="CMake Rules">
      <UniqueIdentifier>{4596BD46-F37F-30F0-9E7E-7245FAE0055C}</UniqueIdentifier>
    </Filter>
  </ItemGroup>
</Project>
